
Microsoft Visual Studio Solution File, Format Version 12.00
# Visual Studio Version 16
VisualStudioVersion = 16.0.30804.86
MinimumVisualStudioVersion = 10.0.40219.1
Project("{8BC9CEB8-8B4A-11D0-8D11-00A0C91BC942}") = "Vulkan Shooter", "Vulkan Shooter\Vulkan Shooter.vcxproj", "{441FC757-E6AD-4AC7-B360-A1AC2BBB82B1}"
EndProject
Project("{8BC9CEB8-8B4A-11D0-8D11-00A0C91BC942}") = "StarChicken", "StarChicken\StarChicken.vcxproj", "{2A58C7B3-8998-4E47-86BA-9732464B7E23}"
EndProject
Global
	GlobalSection(SolutionConfigurationPlatforms) = preSolution
		Debug|x64 = Debug|x64
		Debug|x86 = Debug|x86
		Release|x64 = Release|x64
		Release|x86 = Release|x86
	EndGlobalSection
	GlobalSection(ProjectConfigurationPlatforms) = postSolution
		{441FC757-E6AD-4AC7-B360-A1AC2BBB82B1}.Debug|x64.ActiveCfg = Debug|x64
		{441FC757-E6AD-4AC7-B360-A1AC2BBB82B1}.Debug|x64.Build.0 = Debug|x64
		{441FC757-E6AD-4AC7-B360-A1AC2BBB82B1}.Debug|x86.ActiveCfg = Debug|Win32
		{441FC757-E6AD-4AC7-B360-A1AC2BBB82B1}.Debug|x86.Build.0 = Debug|Win32
		{441FC757-E6AD-4AC7-B360-A1AC2BBB82B1}.Release|x64.ActiveCfg = Release|x64
		{441FC757-E6AD-4AC7-B360-A1AC2BBB82B1}.Release|x64.Build.0 = Release|x64
		{441FC757-E6AD-4AC7-B360-A1AC2BBB82B1}.Release|x86.ActiveCfg = Release|Win32
		{441FC757-E6AD-4AC7-B360-A1AC2BBB82B1}.Release|x86.Build.0 = Release|Win32
		{2A58C7B3-8998-4E47-86BA-9732464B7E23}.Debug|x64.ActiveCfg = Debug|x64
		{2A58C7B3-8998-4E47-86BA-9732464B7E23}.Debug|x64.Build.0 = Debug|x64
		{2A58C7B3-8998-4E47-86BA-9732464B7E23}.Debug|x86.ActiveCfg = Debug|Win32
		{2A58C7B3-8998-4E47-86BA-9732464B7E23}.Debug|x86.Build.0 = Debug|Win32
		{2A58C7B3-8998-4E47-86BA-9732464B7E23}.Release|x64.ActiveCfg = Release|x64
		{2A58C7B3-8998-4E47-86BA-9732464B7E23}.Release|x64.Build.0 = Release|x64
		{2A58C7B3-8998-4E47-86BA-9732464B7E23}.Release|x86.ActiveCfg = Release|Win32
		{2A58C7B3-8998-4E47-86BA-9732464B7E23}.Release|x86.Build.0 = Release|Win32
	EndGlobalSection
	GlobalSection(SolutionProperties) = preSolution
		HideSolutionNode = FALSE
	EndGlobalSection
	GlobalSection(ExtensibilityGlobals) = postSolution
		SolutionGuid = {861C48C2-096A-4311-B61D-3899C6A5D665}
	EndGlobalSection
EndGlobal
